{
    "_readme": [
        "This file locks the dependencies of your project to a known state",
        "Read more about it at https://getcomposer.org/doc/01-basic-usage.md#composer-lock-the-lock-file",
        "This file is @generated automatically"
    ],
    "hash": "f42c10f0c1f668a812f9adb10a75e229",
    "content-hash": "37978f91a134f322453d0965e94ddd7c",
    "packages": [
        {
            "name": "pimax/fb-messenger-php",
            "version": "dev-master",
            "source": {
                "type": "git",
                "url": "https://github.com/pimax/fb-messenger-php.git",
                "reference": "217ccff151109eb61dc931ef7043b5837ab9ea44"
            },
            "dist": {
                "type": "zip",
                "url": "https://api.github.com/repos/pimax/fb-messenger-php/zipball/217ccff151109eb61dc931ef7043b5837ab9ea44",
                "reference": "217ccff151109eb61dc931ef7043b5837ab9ea44",
                "shasum": ""
            },
            "require": {
                "php": ">=5.4.0"
            },
            "type": "library",
            "autoload": {
                "psr-4": {
                    "pimax\\": ""
                }
            },
            "notification-url": "https://packagist.org/downloads/",
            "license": [
                "MIT"
            ],
            "authors": [
                {
                    "name": "Max Pinyugin",
                    "email": "m.pinyugin@gmail.com",
                    "homepage": "http://russian-developers.com",
                    "role": "Developer"
                }
            ],
            "description": " Facebook Messenger Bot PHP API",
            "homepage": "https://github.com/pimax/fb-messenger-php",
            "time": "2016-04-14 20:39:29"
        }
    ],
    "packages-dev": [],
    "aliases": [],
    "minimum-stability": "stable",
    "stability-flags": {
        "pimax/fb-messenger-php": 20
    },
    "prefer-stable": false,
    "prefer-lowest": false,
    "platform": [],
    "platform-dev": []
}
